
Microsoft Visual Studio Solution File, Format Version 12.00
# Visual Studio 15
VisualStudioVersion = 15.0.28307.489
MinimumVisualStudioVersion = 10.0.40219.1
Project("{FAE04EC0-301F-11D3-BF4B-00C04F79EFBC}") = "ImageLib", "ImageLib.csproj", "{284A8BCB-F81B-479F-A9B8-C4E56DFEA632}"
EndProject
Global
	GlobalSection(SolutionConfigurationPlatforms) = preSolution
		Debug|Any CPU = Debug|Any CPU
		Release|Any CPU = Release|Any CPU
	EndGlobalSection
	GlobalSection(ProjectConfigurationPlatforms) = postSolution
		{284A8BCB-F81B-479F-A9B8-C4E56DFEA632}.Debug|Any CPU.ActiveCfg = Debug|Any CPU
		{284A8BCB-F81B-479F-A9B8-C4E56DFEA632}.Debug|Any CPU.Build.0 = Debug|Any CPU
		{284A8BCB-F81B-479F-A9B8-C4E56DFEA632}.Release|Any CPU.ActiveCfg = Release|Any CPU
		{284A8BCB-F81B-479F-A9B8-C4E56DFEA632}.Release|Any CPU.Build.0 = Release|Any CPU
	EndGlobalSection
	GlobalSection(SolutionProperties) = preSolution
		HideSolutionNode = FALSE
	EndGlobalSection
	GlobalSection(ExtensibilityGlobals) = postSolution
		SolutionGuid = {61AF64B2-FA99-485D-87AF-17243EE3562E}
	EndGlobalSection
EndGlobal
